
Microsoft Visual Studio Solution File, Format Version 12.00
# Visual Studio 15
VisualStudioVersion = 15.0.27703.2042
MinimumVisualStudioVersion = 10.0.40219.1
Project("{FAE04EC0-301F-11D3-BF4B-00C04F79EFBC}") = "ProgressBar", "ProgressBar\ProgressBar.csproj", "{5664AF7C-1AF6-4040-A7ED-72AB0210522C}"
EndProject
Global
	GlobalSection(SolutionConfigurationPlatforms) = preSolution
		Debug|Any CPU = Debug|Any CPU
		Release|Any CPU = Release|Any CPU
	EndGlobalSection
	GlobalSection(ProjectConfigurationPlatforms) = postSolution
		{5664AF7C-1AF6-4040-A7ED-72AB0210522C}.Debug|Any CPU.ActiveCfg = Debug|Any CPU
		{5664AF7C-1AF6-4040-A7ED-72AB0210522C}.Debug|Any CPU.Build.0 = Debug|Any CPU
		{5664AF7C-1AF6-4040-A7ED-72AB0210522C}.Release|Any CPU.ActiveCfg = Release|Any CPU
		{5664AF7C-1AF6-4040-A7ED-72AB0210522C}.Release|Any CPU.Build.0 = Release|Any CPU
	EndGlobalSection
	GlobalSection(SolutionProperties) = preSolution
		HideSolutionNode = FALSE
	EndGlobalSection
	GlobalSection(ExtensibilityGlobals) = postSolution
		SolutionGuid = {50A9C5FD-75BE-4471-B731-F7A96A3FEC88}
	EndGlobalSection
EndGlobal
